
Microsoft Visual Studio Solution File, Format Version 12.00
# Visual Studio Version 17
VisualStudioVersion = 17.3.32929.385
MinimumVisualStudioVersion = 10.0.40219.1
Project("{9A19103F-16F7-4668-BE54-9A1E7A4F7556}") = "codeKade.Web", "codeKade.Web\codeKade.Web.csproj", "{8ECEE263-A623-43EC-9737-98E7230D0E3E}"
EndProject
Project("{9A19103F-16F7-4668-BE54-9A1E7A4F7556}") = "codeKade.DataLayer", "codeKade.DataLayer\codeKade.DataLayer.csproj", "{0D737C83-A460-4905-9183-9F83B6035581}"
EndProject
Project("{9A19103F-16F7-4668-BE54-9A1E7A4F7556}") = "codeKade.Application", "codeKade.Application\codeKade.Application.csproj", "{581281C9-D348-42EF-8ADB-4BD91E9D9DF7}"
EndProject
Global
	GlobalSection(SolutionConfigurationPlatforms) = preSolution
		Debug|Any CPU = Debug|Any CPU
		Release|Any CPU = Release|Any CPU
	EndGlobalSection
	GlobalSection(ProjectConfigurationPlatforms) = postSolution
		{8ECEE263-A623-43EC-9737-98E7230D0E3E}.Debug|Any CPU.ActiveCfg = Debug|Any CPU
		{8ECEE263-A623-43EC-9737-98E7230D0E3E}.Debug|Any CPU.Build.0 = Debug|Any CPU
		{8ECEE263-A623-43EC-9737-98E7230D0E3E}.Release|Any CPU.ActiveCfg = Release|Any CPU
		{8ECEE263-A623-43EC-9737-98E7230D0E3E}.Release|Any CPU.Build.0 = Release|Any CPU
		{0D737C83-A460-4905-9183-9F83B6035581}.Debug|Any CPU.ActiveCfg = Debug|Any CPU
		{0D737C83-A460-4905-9183-9F83B6035581}.Debug|Any CPU.Build.0 = Debug|Any CPU
		{0D737C83-A460-4905-9183-9F83B6035581}.Release|Any CPU.ActiveCfg = Release|Any CPU
		{0D737C83-A460-4905-9183-9F83B6035581}.Release|Any CPU.Build.0 = Release|Any CPU
		{581281C9-D348-42EF-8ADB-4BD91E9D9DF7}.Debug|Any CPU.ActiveCfg = Debug|Any CPU
		{581281C9-D348-42EF-8ADB-4BD91E9D9DF7}.Debug|Any CPU.Build.0 = Debug|Any CPU
		{581281C9-D348-42EF-8ADB-4BD91E9D9DF7}.Release|Any CPU.ActiveCfg = Release|Any CPU
		{581281C9-D348-42EF-8ADB-4BD91E9D9DF7}.Release|Any CPU.Build.0 = Release|Any CPU
	EndGlobalSection
	GlobalSection(SolutionProperties) = preSolution
		HideSolutionNode = FALSE
	EndGlobalSection
	GlobalSection(ExtensibilityGlobals) = postSolution
		SolutionGuid = {267FA6AD-DAF5-49A3-A232-88C6032552A2}
	EndGlobalSection
EndGlobal
